
Microsoft Visual Studio Solution File, Format Version 12.00
# Visual Studio 2013
VisualStudioVersion = 12.0.30501.0
MinimumVisualStudioVersion = 10.0.40219.1
Project("{2150E333-8FDC-42A3-9474-1A3956D46DE8}") = ".nuget", ".nuget", "{CC30BFC0-98BA-4656-85E8-C501D976D086}"
	ProjectSection(SolutionItems) = preProject
		.nuget\NuGet.Config = .nuget\NuGet.Config
		.nuget\NuGet.exe = .nuget\NuGet.exe
	EndProjectSection
EndProject
Project("{F2A71F9B-5D33-465A-A702-920D77279786}") = "Enticify.CsTasks", "Enticify.CsTasks\Enticify.CsTasks.fsproj", "{3F8AB25D-AD43-4D8C-AA8E-CB98196D879F}"
EndProject
Project("{F2A71F9B-5D33-465A-A702-920D77279786}") = "Enticify.CsTasks.Tests", "Enticify.CsTasks.Tests\Enticify.CsTasks.Tests.fsproj", "{2ED93744-8324-48ED-8FA4-ED35A02439D9}"
EndProject
Project("{F2A71F9B-5D33-465A-A702-920D77279786}") = "Enticify.CsTasks-MS", "Enticify.CsTasks\Enticify.CsTasks-MS.fsproj", "{90B11B0A-C6B4-40C0-934D-B7E336986630}"
EndProject
Project("{2150E333-8FDC-42A3-9474-1A3956D46DE8}") = "Solution Items", "Solution Items", "{24BDA916-41E2-4B20-89BC-C692B33FA5F7}"
	ProjectSection(SolutionItems) = preProject
		..\build.fsx = ..\build.fsx
	EndProjectSection
EndProject
Global
	GlobalSection(SolutionConfigurationPlatforms) = preSolution
		Debug|Any CPU = Debug|Any CPU
		Release|Any CPU = Release|Any CPU
	EndGlobalSection
	GlobalSection(ProjectConfigurationPlatforms) = postSolution
		{3F8AB25D-AD43-4D8C-AA8E-CB98196D879F}.Debug|Any CPU.ActiveCfg = Debug|Any CPU
		{3F8AB25D-AD43-4D8C-AA8E-CB98196D879F}.Debug|Any CPU.Build.0 = Debug|Any CPU
		{3F8AB25D-AD43-4D8C-AA8E-CB98196D879F}.Release|Any CPU.ActiveCfg = Release|Any CPU
		{3F8AB25D-AD43-4D8C-AA8E-CB98196D879F}.Release|Any CPU.Build.0 = Release|Any CPU
		{2ED93744-8324-48ED-8FA4-ED35A02439D9}.Debug|Any CPU.ActiveCfg = Debug|Any CPU
		{2ED93744-8324-48ED-8FA4-ED35A02439D9}.Debug|Any CPU.Build.0 = Debug|Any CPU
		{2ED93744-8324-48ED-8FA4-ED35A02439D9}.Release|Any CPU.ActiveCfg = Release|Any CPU
		{2ED93744-8324-48ED-8FA4-ED35A02439D9}.Release|Any CPU.Build.0 = Release|Any CPU
		{90B11B0A-C6B4-40C0-934D-B7E336986630}.Debug|Any CPU.ActiveCfg = Debug|Any CPU
		{90B11B0A-C6B4-40C0-934D-B7E336986630}.Debug|Any CPU.Build.0 = Debug|Any CPU
		{90B11B0A-C6B4-40C0-934D-B7E336986630}.Release|Any CPU.ActiveCfg = Release|Any CPU
		{90B11B0A-C6B4-40C0-934D-B7E336986630}.Release|Any CPU.Build.0 = Release|Any CPU
	EndGlobalSection
	GlobalSection(SolutionProperties) = preSolution
		HideSolutionNode = FALSE
	EndGlobalSection
EndGlobal
